
Microsoft Visual Studio Solution File, Format Version 12.00
# Visual Studio Version 17
VisualStudioVersion = 17.3.32804.467
MinimumVisualStudioVersion = 10.0.40219.1
Project("{FAE04EC0-301F-11D3-BF4B-00C04F79EFBC}") = "OnlineStore2023", "OnlineStore2023\OnlineStore2023.csproj", "{582286F1-6054-4031-89AD-B1E4C5D625E8}"
EndProject
Global
	GlobalSection(SolutionConfigurationPlatforms) = preSolution
		Debug|Any CPU = Debug|Any CPU
		Release|Any CPU = Release|Any CPU
	EndGlobalSection
	GlobalSection(ProjectConfigurationPlatforms) = postSolution
		{582286F1-6054-4031-89AD-B1E4C5D625E8}.Debug|Any CPU.ActiveCfg = Debug|Any CPU
		{582286F1-6054-4031-89AD-B1E4C5D625E8}.Debug|Any CPU.Build.0 = Debug|Any CPU
		{582286F1-6054-4031-89AD-B1E4C5D625E8}.Release|Any CPU.ActiveCfg = Release|Any CPU
		{582286F1-6054-4031-89AD-B1E4C5D625E8}.Release|Any CPU.Build.0 = Release|Any CPU
	EndGlobalSection
	GlobalSection(SolutionProperties) = preSolution
		HideSolutionNode = FALSE
	EndGlobalSection
	GlobalSection(ExtensibilityGlobals) = postSolution
		SolutionGuid = {DC40E90A-889C-4C09-96F4-F4DC756B7E5C}
	EndGlobalSection
EndGlobal
